
Microsoft Visual Studio Solution File, Format Version 12.00
# Visual Studio Version 16
VisualStudioVersion = 16.0.31729.503
MinimumVisualStudioVersion = 10.0.40219.1
Project("{FAE04EC0-301F-11D3-BF4B-00C04F79EFBC}") = "SendToLB2", "SendToLB2\SendToLB2.csproj", "{C9AFCF12-9BFF-4032-A024-5E4D310ABCA4}"
EndProject
Global
	GlobalSection(SolutionConfigurationPlatforms) = preSolution
		Debug|Any CPU = Debug|Any CPU
		Release|Any CPU = Release|Any CPU
	EndGlobalSection
	GlobalSection(ProjectConfigurationPlatforms) = postSolution
		{C9AFCF12-9BFF-4032-A024-5E4D310ABCA4}.Debug|Any CPU.ActiveCfg = Debug|Any CPU
		{C9AFCF12-9BFF-4032-A024-5E4D310ABCA4}.Debug|Any CPU.Build.0 = Debug|Any CPU
		{C9AFCF12-9BFF-4032-A024-5E4D310ABCA4}.Release|Any CPU.ActiveCfg = Release|Any CPU
		{C9AFCF12-9BFF-4032-A024-5E4D310ABCA4}.Release|Any CPU.Build.0 = Release|Any CPU
	EndGlobalSection
	GlobalSection(SolutionProperties) = preSolution
		HideSolutionNode = FALSE
	EndGlobalSection
	GlobalSection(ExtensibilityGlobals) = postSolution
		SolutionGuid = {D37BC969-321B-484C-9D01-31ED778B6E36}
	EndGlobalSection
EndGlobal
